
Microsoft Visual Studio Solution File, Format Version 12.00
# Visual Studio Version 16
VisualStudioVersion = 16.0.31205.134
MinimumVisualStudioVersion = 10.0.40219.1
Project("{FAE04EC0-301F-11D3-BF4B-00C04F79EFBC}") = "PayAndGiveIoT", "PayAndGiveIoT\PayAndGiveIoT.csproj", "{90004C8A-EF99-420E-A7DB-0E3A741E04E7}"
EndProject
Global
	GlobalSection(SolutionConfigurationPlatforms) = preSolution
		Debug|Any CPU = Debug|Any CPU
		Release|Any CPU = Release|Any CPU
	EndGlobalSection
	GlobalSection(ProjectConfigurationPlatforms) = postSolution
		{90004C8A-EF99-420E-A7DB-0E3A741E04E7}.Debug|Any CPU.ActiveCfg = Debug|Any CPU
		{90004C8A-EF99-420E-A7DB-0E3A741E04E7}.Debug|Any CPU.Build.0 = Debug|Any CPU
		{90004C8A-EF99-420E-A7DB-0E3A741E04E7}.Release|Any CPU.ActiveCfg = Release|Any CPU
		{90004C8A-EF99-420E-A7DB-0E3A741E04E7}.Release|Any CPU.Build.0 = Release|Any CPU
	EndGlobalSection
	GlobalSection(SolutionProperties) = preSolution
		HideSolutionNode = FALSE
	EndGlobalSection
	GlobalSection(ExtensibilityGlobals) = postSolution
		SolutionGuid = {969A0102-4D6E-42F2-92F4-27D47B4FF02E}
	EndGlobalSection
EndGlobal
